
Microsoft Visual Studio Solution File, Format Version 12.00
# Visual Studio Version 17
VisualStudioVersion = 17.0.31903.59
MinimumVisualStudioVersion = 10.0.40219.1
Project("{2150E333-8FDC-42A3-9474-1A3956D46DE8}") = "Shared", "Shared", "{2D6D4C7F-0A10-4B8D-B5FD-3440324BB6D9}"
EndProject
Project("{FAE04EC0-301F-11D3-BF4B-00C04F79EFBC}") = "Shared.Common", "Shared\Shared.Common\Shared.Common.csproj", "{06163C5F-CAEA-48D9-9886-468618FCC0FC}"
EndProject
Project("{FAE04EC0-301F-11D3-BF4B-00C04F79EFBC}") = "Shared.MessageQueue", "Shared\Shared.MessageQueue\Shared.MessageQueue.csproj", "{D8E34AA7-760D-4701-824A-8F2F0AB2560E}"
EndProject
Project("{2150E333-8FDC-42A3-9474-1A3956D46DE8}") = "Services", "Services", "{949C366E-5432-4997-AD8E-1AAD7775222B}"
EndProject
Project("{2150E333-8FDC-42A3-9474-1A3956D46DE8}") = "UserService", "UserService", "{91F247A5-4A57-4C4E-87D7-98BB88127112}"
EndProject
Project("{FAE04EC0-301F-11D3-BF4B-00C04F79EFBC}") = "UserService.Core", "Services\UserService\UserService.Core\UserService.Core.csproj", "{868525BE-AFA6-42EF-9DA1-2E9D2BA8F45E}"
EndProject
Project("{FAE04EC0-301F-11D3-BF4B-00C04F79EFBC}") = "UserService.Infrastructure", "Services\UserService\UserService.Infrastructure\UserService.Infrastructure.csproj", "{F3EFE638-39D5-47E6-9211-1084EE37DE25}"
EndProject
Project("{FAE04EC0-301F-11D3-BF4B-00C04F79EFBC}") = "UserService.API", "Services\UserService\UserService.API\UserService.API.csproj", "{A9E4D6AF-46E9-495B-A4DC-E4EACE7B04C3}"
EndProject
Project("{2150E333-8FDC-42A3-9474-1A3956D46DE8}") = "CourseService", "CourseService", "{11C8FEDD-B358-4476-9201-F09DE1212A9C}"
EndProject
Project("{FAE04EC0-301F-11D3-BF4B-00C04F79EFBC}") = "CourseService.Core", "Services\CourseService\CourseService.Core\CourseService.Core.csproj", "{BC1793F7-4EC6-4FD0-A478-CB655C5D1EFE}"
EndProject
Project("{FAE04EC0-301F-11D3-BF4B-00C04F79EFBC}") = "CourseService.Infrastructure", "Services\CourseService\CourseService.Infrastructure\CourseService.Infrastructure.csproj", "{81AAC5D3-A76F-493C-B076-6E994A4914BC}"
EndProject
Project("{FAE04EC0-301F-11D3-BF4B-00C04F79EFBC}") = "CourseService.API", "Services\CourseService\CourseService.API\CourseService.API.csproj", "{B4BB8385-E249-496E-B960-84DFB8831845}"
EndProject
Project("{2150E333-8FDC-42A3-9474-1A3956D46DE8}") = "SubscriptionService", "SubscriptionService", "{55A0A146-8751-4E47-ACDD-439BE6738B27}"
EndProject
Project("{FAE04EC0-301F-11D3-BF4B-00C04F79EFBC}") = "SubscriptionService.Core", "Services\SubscriptionService\SubscriptionService.Core\SubscriptionService.Core.csproj", "{645058A7-E6C6-482E-A006-1B68667C5F3E}"
EndProject
Project("{FAE04EC0-301F-11D3-BF4B-00C04F79EFBC}") = "SubscriptionService.Infrastructure", "Services\SubscriptionService\SubscriptionService.Infrastructure\SubscriptionService.Infrastructure.csproj", "{9E1DE603-E193-40B4-B970-B7DB54B43657}"
EndProject
Project("{FAE04EC0-301F-11D3-BF4B-00C04F79EFBC}") = "SubscriptionService.API", "Services\SubscriptionService\SubscriptionService.API\SubscriptionService.API.csproj", "{12AA7E67-6AB1-4326-B254-2BE535F87348}"
EndProject
Project("{2150E333-8FDC-42A3-9474-1A3956D46DE8}") = "PaymentService", "PaymentService", "{01F41CF5-8460-4C09-B0FC-32BDE531A975}"
EndProject
Project("{FAE04EC0-301F-11D3-BF4B-00C04F79EFBC}") = "PaymentService.Core", "Services\PaymentService\PaymentService.Core\PaymentService.Core.csproj", "{1D4161F3-CBB9-4B4C-8160-438CE7B7888C}"
EndProject
Project("{FAE04EC0-301F-11D3-BF4B-00C04F79EFBC}") = "PaymentService.Infrastructure", "Services\PaymentService\PaymentService.Infrastructure\PaymentService.Infrastructure.csproj", "{6DEF976E-0381-4AAA-B249-3D885A574BA7}"
EndProject
Project("{FAE04EC0-301F-11D3-BF4B-00C04F79EFBC}") = "PaymentService.API", "Services\PaymentService\PaymentService.API\PaymentService.API.csproj", "{95084D28-0983-4744-8BA7-81CDE90A318E}"
EndProject
Project("{2150E333-8FDC-42A3-9474-1A3956D46DE8}") = "CertificateService", "CertificateService", "{1E634144-35CF-498E-ADA7-44D742CA60BC}"
EndProject
Project("{FAE04EC0-301F-11D3-BF4B-00C04F79EFBC}") = "CertificateService.Core", "Services\CertificateService\CertificateService.Core\CertificateService.Core.csproj", "{D88B7902-A415-4446-A3C2-622BAB90220C}"
EndProject
Project("{FAE04EC0-301F-11D3-BF4B-00C04F79EFBC}") = "CertificateService.Infrastructure", "Services\CertificateService\CertificateService.Infrastructure\CertificateService.Infrastructure.csproj", "{1B177304-5F16-4BBC-815B-2921A58B6DB7}"
EndProject
Project("{FAE04EC0-301F-11D3-BF4B-00C04F79EFBC}") = "CertificateService.API", "Services\CertificateService\CertificateService.API\CertificateService.API.csproj", "{4EABB661-E830-466D-A472-B3D97EF6F35A}"
EndProject
Project("{FAE04EC0-301F-11D3-BF4B-00C04F79EFBC}") = "ApiGateway", "ApiGateway\ApiGateway.csproj", "{CF4B03B3-59F5-455E-B9A1-1BAD3A454B3F}"
EndProject
Global
	GlobalSection(SolutionConfigurationPlatforms) = preSolution
		Debug|Any CPU = Debug|Any CPU
		Release|Any CPU = Release|Any CPU
	EndGlobalSection
	GlobalSection(SolutionProperties) = preSolution
		HideSolutionNode = FALSE
	EndGlobalSection
	GlobalSection(ProjectConfigurationPlatforms) = postSolution
		{06163C5F-CAEA-48D9-9886-468618FCC0FC}.Debug|Any CPU.ActiveCfg = Debug|Any CPU
		{06163C5F-CAEA-48D9-9886-468618FCC0FC}.Debug|Any CPU.Build.0 = Debug|Any CPU
		{06163C5F-CAEA-48D9-9886-468618FCC0FC}.Release|Any CPU.ActiveCfg = Release|Any CPU
		{06163C5F-CAEA-48D9-9886-468618FCC0FC}.Release|Any CPU.Build.0 = Release|Any CPU
		{D8E34AA7-760D-4701-824A-8F2F0AB2560E}.Debug|Any CPU.ActiveCfg = Debug|Any CPU
		{D8E34AA7-760D-4701-824A-8F2F0AB2560E}.Debug|Any CPU.Build.0 = Debug|Any CPU
		{D8E34AA7-760D-4701-824A-8F2F0AB2560E}.Release|Any CPU.ActiveCfg = Release|Any CPU
		{D8E34AA7-760D-4701-824A-8F2F0AB2560E}.Release|Any CPU.Build.0 = Release|Any CPU
		{868525BE-AFA6-42EF-9DA1-2E9D2BA8F45E}.Debug|Any CPU.ActiveCfg = Debug|Any CPU
		{868525BE-AFA6-42EF-9DA1-2E9D2BA8F45E}.Debug|Any CPU.Build.0 = Debug|Any CPU
		{868525BE-AFA6-42EF-9DA1-2E9D2BA8F45E}.Release|Any CPU.ActiveCfg = Release|Any CPU
		{868525BE-AFA6-42EF-9DA1-2E9D2BA8F45E}.Release|Any CPU.Build.0 = Release|Any CPU
		{F3EFE638-39D5-47E6-9211-1084EE37DE25}.Debug|Any CPU.ActiveCfg = Debug|Any CPU
		{F3EFE638-39D5-47E6-9211-1084EE37DE25}.Debug|Any CPU.Build.0 = Debug|Any CPU
		{F3EFE638-39D5-47E6-9211-1084EE37DE25}.Release|Any CPU.ActiveCfg = Release|Any CPU
		{F3EFE638-39D5-47E6-9211-1084EE37DE25}.Release|Any CPU.Build.0 = Release|Any CPU
		{A9E4D6AF-46E9-495B-A4DC-E4EACE7B04C3}.Debug|Any CPU.ActiveCfg = Debug|Any CPU
		{A9E4D6AF-46E9-495B-A4DC-E4EACE7B04C3}.Debug|Any CPU.Build.0 = Debug|Any CPU
		{A9E4D6AF-46E9-495B-A4DC-E4EACE7B04C3}.Release|Any CPU.ActiveCfg = Release|Any CPU
		{A9E4D6AF-46E9-495B-A4DC-E4EACE7B04C3}.Release|Any CPU.Build.0 = Release|Any CPU
		{BC1793F7-4EC6-4FD0-A478-CB655C5D1EFE}.Debug|Any CPU.ActiveCfg = Debug|Any CPU
		{BC1793F7-4EC6-4FD0-A478-CB655C5D1EFE}.Debug|Any CPU.Build.0 = Debug|Any CPU
		{BC1793F7-4EC6-4FD0-A478-CB655C5D1EFE}.Release|Any CPU.ActiveCfg = Release|Any CPU
		{BC1793F7-4EC6-4FD0-A478-CB655C5D1EFE}.Release|Any CPU.Build.0 = Release|Any CPU
		{81AAC5D3-A76F-493C-B076-6E994A4914BC}.Debug|Any CPU.ActiveCfg = Debug|Any CPU
		{81AAC5D3-A76F-493C-B076-6E994A4914BC}.Debug|Any CPU.Build.0 = Debug|Any CPU
		{81AAC5D3-A76F-493C-B076-6E994A4914BC}.Release|Any CPU.ActiveCfg = Release|Any CPU
		{81AAC5D3-A76F-493C-B076-6E994A4914BC}.Release|Any CPU.Build.0 = Release|Any CPU
		{B4BB8385-E249-496E-B960-84DFB8831845}.Debug|Any CPU.ActiveCfg = Debug|Any CPU
		{B4BB8385-E249-496E-B960-84DFB8831845}.Debug|Any CPU.Build.0 = Debug|Any CPU
		{B4BB8385-E249-496E-B960-84DFB8831845}.Release|Any CPU.ActiveCfg = Release|Any CPU
		{B4BB8385-E249-496E-B960-84DFB8831845}.Release|Any CPU.Build.0 = Release|Any CPU
		{645058A7-E6C6-482E-A006-1B68667C5F3E}.Debug|Any CPU.ActiveCfg = Debug|Any CPU
		{645058A7-E6C6-482E-A006-1B68667C5F3E}.Debug|Any CPU.Build.0 = Debug|Any CPU
		{645058A7-E6C6-482E-A006-1B68667C5F3E}.Release|Any CPU.ActiveCfg = Release|Any CPU
		{645058A7-E6C6-482E-A006-1B68667C5F3E}.Release|Any CPU.Build.0 = Release|Any CPU
		{9E1DE603-E193-40B4-B970-B7DB54B43657}.Debug|Any CPU.ActiveCfg = Debug|Any CPU
		{9E1DE603-E193-40B4-B970-B7DB54B43657}.Debug|Any CPU.Build.0 = Debug|Any CPU
		{9E1DE603-E193-40B4-B970-B7DB54B43657}.Release|Any CPU.ActiveCfg = Release|Any CPU
		{9E1DE603-E193-40B4-B970-B7DB54B43657}.Release|Any CPU.Build.0 = Release|Any CPU
		{12AA7E67-6AB1-4326-B254-2BE535F87348}.Debug|Any CPU.ActiveCfg = Debug|Any CPU
		{12AA7E67-6AB1-4326-B254-2BE535F87348}.Debug|Any CPU.Build.0 = Debug|Any CPU
		{12AA7E67-6AB1-4326-B254-2BE535F87348}.Release|Any CPU.ActiveCfg = Release|Any CPU
		{12AA7E67-6AB1-4326-B254-2BE535F87348}.Release|Any CPU.Build.0 = Release|Any CPU
		{1D4161F3-CBB9-4B4C-8160-438CE7B7888C}.Debug|Any CPU.ActiveCfg = Debug|Any CPU
		{1D4161F3-CBB9-4B4C-8160-438CE7B7888C}.Debug|Any CPU.Build.0 = Debug|Any CPU
		{1D4161F3-CBB9-4B4C-8160-438CE7B7888C}.Release|Any CPU.ActiveCfg = Release|Any CPU
		{1D4161F3-CBB9-4B4C-8160-438CE7B7888C}.Release|Any CPU.Build.0 = Release|Any CPU
		{6DEF976E-0381-4AAA-B249-3D885A574BA7}.Debug|Any CPU.ActiveCfg = Debug|Any CPU
		{6DEF976E-0381-4AAA-B249-3D885A574BA7}.Debug|Any CPU.Build.0 = Debug|Any CPU
		{6DEF976E-0381-4AAA-B249-3D885A574BA7}.Release|Any CPU.ActiveCfg = Release|Any CPU
		{6DEF976E-0381-4AAA-B249-3D885A574BA7}.Release|Any CPU.Build.0 = Release|Any CPU
		{95084D28-0983-4744-8BA7-81CDE90A318E}.Debug|Any CPU.ActiveCfg = Debug|Any CPU
		{95084D28-0983-4744-8BA7-81CDE90A318E}.Debug|Any CPU.Build.0 = Debug|Any CPU
		{95084D28-0983-4744-8BA7-81CDE90A318E}.Release|Any CPU.ActiveCfg = Release|Any CPU
		{95084D28-0983-4744-8BA7-81CDE90A318E}.Release|Any CPU.Build.0 = Release|Any CPU
		{D88B7902-A415-4446-A3C2-622BAB90220C}.Debug|Any CPU.ActiveCfg = Debug|Any CPU
		{D88B7902-A415-4446-A3C2-622BAB90220C}.Debug|Any CPU.Build.0 = Debug|Any CPU
		{D88B7902-A415-4446-A3C2-622BAB90220C}.Release|Any CPU.ActiveCfg = Release|Any CPU
		{D88B7902-A415-4446-A3C2-622BAB90220C}.Release|Any CPU.Build.0 = Release|Any CPU
		{1B177304-5F16-4BBC-815B-2921A58B6DB7}.Debug|Any CPU.ActiveCfg = Debug|Any CPU
		{1B177304-5F16-4BBC-815B-2921A58B6DB7}.Debug|Any CPU.Build.0 = Debug|Any CPU
		{1B177304-5F16-4BBC-815B-2921A58B6DB7}.Release|Any CPU.ActiveCfg = Release|Any CPU
		{1B177304-5F16-4BBC-815B-2921A58B6DB7}.Release|Any CPU.Build.0 = Release|Any CPU
		{4EABB661-E830-466D-A472-B3D97EF6F35A}.Debug|Any CPU.ActiveCfg = Debug|Any CPU
		{4EABB661-E830-466D-A472-B3D97EF6F35A}.Debug|Any CPU.Build.0 = Debug|Any CPU
		{4EABB661-E830-466D-A472-B3D97EF6F35A}.Release|Any CPU.ActiveCfg = Release|Any CPU
		{4EABB661-E830-466D-A472-B3D97EF6F35A}.Release|Any CPU.Build.0 = Release|Any CPU
		{CF4B03B3-59F5-455E-B9A1-1BAD3A454B3F}.Debug|Any CPU.ActiveCfg = Debug|Any CPU
		{CF4B03B3-59F5-455E-B9A1-1BAD3A454B3F}.Debug|Any CPU.Build.0 = Debug|Any CPU
		{CF4B03B3-59F5-455E-B9A1-1BAD3A454B3F}.Release|Any CPU.ActiveCfg = Release|Any CPU
		{CF4B03B3-59F5-455E-B9A1-1BAD3A454B3F}.Release|Any CPU.Build.0 = Release|Any CPU
	EndGlobalSection
	GlobalSection(NestedProjects) = preSolution
		{06163C5F-CAEA-48D9-9886-468618FCC0FC} = {2D6D4C7F-0A10-4B8D-B5FD-3440324BB6D9}
		{D8E34AA7-760D-4701-824A-8F2F0AB2560E} = {2D6D4C7F-0A10-4B8D-B5FD-3440324BB6D9}
		{91F247A5-4A57-4C4E-87D7-98BB88127112} = {949C366E-5432-4997-AD8E-1AAD7775222B}
		{868525BE-AFA6-42EF-9DA1-2E9D2BA8F45E} = {91F247A5-4A57-4C4E-87D7-98BB88127112}
		{F3EFE638-39D5-47E6-9211-1084EE37DE25} = {91F247A5-4A57-4C4E-87D7-98BB88127112}
		{A9E4D6AF-46E9-495B-A4DC-E4EACE7B04C3} = {91F247A5-4A57-4C4E-87D7-98BB88127112}
		{11C8FEDD-B358-4476-9201-F09DE1212A9C} = {949C366E-5432-4997-AD8E-1AAD7775222B}
		{BC1793F7-4EC6-4FD0-A478-CB655C5D1EFE} = {11C8FEDD-B358-4476-9201-F09DE1212A9C}
		{81AAC5D3-A76F-493C-B076-6E994A4914BC} = {11C8FEDD-B358-4476-9201-F09DE1212A9C}
		{B4BB8385-E249-496E-B960-84DFB8831845} = {11C8FEDD-B358-4476-9201-F09DE1212A9C}
		{55A0A146-8751-4E47-ACDD-439BE6738B27} = {949C366E-5432-4997-AD8E-1AAD7775222B}
		{645058A7-E6C6-482E-A006-1B68667C5F3E} = {55A0A146-8751-4E47-ACDD-439BE6738B27}
		{9E1DE603-E193-40B4-B970-B7DB54B43657} = {55A0A146-8751-4E47-ACDD-439BE6738B27}
		{12AA7E67-6AB1-4326-B254-2BE535F87348} = {55A0A146-8751-4E47-ACDD-439BE6738B27}
		{01F41CF5-8460-4C09-B0FC-32BDE531A975} = {949C366E-5432-4997-AD8E-1AAD7775222B}
		{1D4161F3-CBB9-4B4C-8160-438CE7B7888C} = {01F41CF5-8460-4C09-B0FC-32BDE531A975}
		{6DEF976E-0381-4AAA-B249-3D885A574BA7} = {01F41CF5-8460-4C09-B0FC-32BDE531A975}
		{95084D28-0983-4744-8BA7-81CDE90A318E} = {01F41CF5-8460-4C09-B0FC-32BDE531A975}
		{1E634144-35CF-498E-ADA7-44D742CA60BC} = {949C366E-5432-4997-AD8E-1AAD7775222B}
		{D88B7902-A415-4446-A3C2-622BAB90220C} = {1E634144-35CF-498E-ADA7-44D742CA60BC}
		{1B177304-5F16-4BBC-815B-2921A58B6DB7} = {1E634144-35CF-498E-ADA7-44D742CA60BC}
		{4EABB661-E830-466D-A472-B3D97EF6F35A} = {1E634144-35CF-498E-ADA7-44D742CA60BC}
	EndGlobalSection
EndGlobal
